
Microsoft Visual Studio Solution File, Format Version 12.00
# Visual Studio Version 17
VisualStudioVersion = 17.13.35913.81
MinimumVisualStudioVersion = 10.0.40219.1
Project("{FAE04EC0-301F-11D3-BF4B-00C04F79EFBC}") = "ReportDevHelper", "ReportDevHelper\ReportDevHelper.csproj", "{A335A76D-D957-4A74-8A80-2B68B9CD0493}"
EndProject
Global
	GlobalSection(SolutionConfigurationPlatforms) = preSolution
		Debug|Any CPU = Debug|Any CPU
		Release|Any CPU = Release|Any CPU
	EndGlobalSection
	GlobalSection(ProjectConfigurationPlatforms) = postSolution
		{A335A76D-D957-4A74-8A80-2B68B9CD0493}.Debug|Any CPU.ActiveCfg = Debug|Any CPU
		{A335A76D-D957-4A74-8A80-2B68B9CD0493}.Debug|Any CPU.Build.0 = Debug|Any CPU
		{A335A76D-D957-4A74-8A80-2B68B9CD0493}.Release|Any CPU.ActiveCfg = Release|Any CPU
		{A335A76D-D957-4A74-8A80-2B68B9CD0493}.Release|Any CPU.Build.0 = Release|Any CPU
	EndGlobalSection
	GlobalSection(SolutionProperties) = preSolution
		HideSolutionNode = FALSE
	EndGlobalSection
	GlobalSection(ExtensibilityGlobals) = postSolution
		SolutionGuid = {361083C3-4440-463B-954F-DBDB69ACFFCF}
	EndGlobalSection
EndGlobal
